
Microsoft Visual Studio Solution File, Format Version 12.00
# Visual Studio Version 16
VisualStudioVersion = 16.0.29326.143
MinimumVisualStudioVersion = 10.0.40219.1
Project("{9A19103F-16F7-4668-BE54-9A1E7A4F7556}") = "APM.SL", "APM.SL\APM.SL.csproj", "{7D10D82E-2BD9-4626-95F4-5979D5F0A66F}"
EndProject
Project("{9A19103F-16F7-4668-BE54-9A1E7A4F7556}") = "APM.SL.Test", "APM.SL.Test\APM.SL.Test.csproj", "{C332BD2C-D120-42F9-90D8-106AFAD4C1CE}"
EndProject
Project("{9A19103F-16F7-4668-BE54-9A1E7A4F7556}") = "APM.MVC", "APM.MVC\APM.MVC.csproj", "{B82C2F5E-03D2-4AB0-8CBB-EEF5A91F9A04}"
EndProject
Project("{FAE04EC0-301F-11D3-BF4B-00C04F79EFBC}") = "APM.Win", "Win\APM.Win.csproj", "{55001ECE-4D2D-42F2-98DB-6EDC347B34A9}"
EndProject
Global
	GlobalSection(SolutionConfigurationPlatforms) = preSolution
		Debug|Any CPU = Debug|Any CPU
		Release|Any CPU = Release|Any CPU
	EndGlobalSection
	GlobalSection(ProjectConfigurationPlatforms) = postSolution
		{7D10D82E-2BD9-4626-95F4-5979D5F0A66F}.Debug|Any CPU.ActiveCfg = Debug|Any CPU
		{7D10D82E-2BD9-4626-95F4-5979D5F0A66F}.Debug|Any CPU.Build.0 = Debug|Any CPU
		{7D10D82E-2BD9-4626-95F4-5979D5F0A66F}.Release|Any CPU.ActiveCfg = Release|Any CPU
		{7D10D82E-2BD9-4626-95F4-5979D5F0A66F}.Release|Any CPU.Build.0 = Release|Any CPU
		{C332BD2C-D120-42F9-90D8-106AFAD4C1CE}.Debug|Any CPU.ActiveCfg = Debug|Any CPU
		{C332BD2C-D120-42F9-90D8-106AFAD4C1CE}.Debug|Any CPU.Build.0 = Debug|Any CPU
		{C332BD2C-D120-42F9-90D8-106AFAD4C1CE}.Release|Any CPU.ActiveCfg = Release|Any CPU
		{C332BD2C-D120-42F9-90D8-106AFAD4C1CE}.Release|Any CPU.Build.0 = Release|Any CPU
		{B82C2F5E-03D2-4AB0-8CBB-EEF5A91F9A04}.Debug|Any CPU.ActiveCfg = Debug|Any CPU
		{B82C2F5E-03D2-4AB0-8CBB-EEF5A91F9A04}.Debug|Any CPU.Build.0 = Debug|Any CPU
		{B82C2F5E-03D2-4AB0-8CBB-EEF5A91F9A04}.Release|Any CPU.ActiveCfg = Release|Any CPU
		{B82C2F5E-03D2-4AB0-8CBB-EEF5A91F9A04}.Release|Any CPU.Build.0 = Release|Any CPU
		{55001ECE-4D2D-42F2-98DB-6EDC347B34A9}.Debug|Any CPU.ActiveCfg = Debug|Any CPU
		{55001ECE-4D2D-42F2-98DB-6EDC347B34A9}.Debug|Any CPU.Build.0 = Debug|Any CPU
		{55001ECE-4D2D-42F2-98DB-6EDC347B34A9}.Release|Any CPU.ActiveCfg = Release|Any CPU
		{55001ECE-4D2D-42F2-98DB-6EDC347B34A9}.Release|Any CPU.Build.0 = Release|Any CPU
	EndGlobalSection
	GlobalSection(SolutionProperties) = preSolution
		HideSolutionNode = FALSE
	EndGlobalSection
	GlobalSection(ExtensibilityGlobals) = postSolution
		SolutionGuid = {5330F312-3A35-4D4E-B981-96659E196D29}
	EndGlobalSection
EndGlobal
