
Microsoft Visual Studio Solution File, Format Version 12.00
# Visual Studio Version 16
VisualStudioVersion = 16.0.29326.143
MinimumVisualStudioVersion = 10.0.40219.1
Project("{9A19103F-16F7-4668-BE54-9A1E7A4F7556}") = "APM.SL", "APM.SL\APM.SL.csproj", "{7D10D82E-2BD9-4626-95F4-5979D5F0A66F}"
EndProject
Project("{9A19103F-16F7-4668-BE54-9A1E7A4F7556}") = "APM.SL.Test", "APM.SL.Test\APM.SL.Test.csproj", "{C332BD2C-D120-42F9-90D8-106AFAD4C1CE}"
EndProject
Project("{9A19103F-16F7-4668-BE54-9A1E7A4F7556}") = "APM.Utilities", "APM.Utilities\APM.Utilities.csproj", "{1291C026-36DC-48A0-94C9-7C4C934E9C18}"
EndProject
Project("{9A19103F-16F7-4668-BE54-9A1E7A4F7556}") = "APM.Utilities.Test", "APM.Utilities.Test\APM.Utilities.Test.csproj", "{80F03195-553E-49F2-909F-05D50F26E59A}"
EndProject
Project("{9A19103F-16F7-4668-BE54-9A1E7A4F7556}") = "APM.MVC", "APM.MVC\APM.MVC.csproj", "{DA04EDBA-AA99-4411-AD76-33868604835D}"
EndProject
Global
	GlobalSection(SolutionConfigurationPlatforms) = preSolution
		Debug|Any CPU = Debug|Any CPU
		Release|Any CPU = Release|Any CPU
	EndGlobalSection
	GlobalSection(ProjectConfigurationPlatforms) = postSolution
		{7D10D82E-2BD9-4626-95F4-5979D5F0A66F}.Debug|Any CPU.ActiveCfg = Debug|Any CPU
		{7D10D82E-2BD9-4626-95F4-5979D5F0A66F}.Debug|Any CPU.Build.0 = Debug|Any CPU
		{7D10D82E-2BD9-4626-95F4-5979D5F0A66F}.Release|Any CPU.ActiveCfg = Release|Any CPU
		{7D10D82E-2BD9-4626-95F4-5979D5F0A66F}.Release|Any CPU.Build.0 = Release|Any CPU
		{C332BD2C-D120-42F9-90D8-106AFAD4C1CE}.Debug|Any CPU.ActiveCfg = Debug|Any CPU
		{C332BD2C-D120-42F9-90D8-106AFAD4C1CE}.Debug|Any CPU.Build.0 = Debug|Any CPU
		{C332BD2C-D120-42F9-90D8-106AFAD4C1CE}.Release|Any CPU.ActiveCfg = Release|Any CPU
		{C332BD2C-D120-42F9-90D8-106AFAD4C1CE}.Release|Any CPU.Build.0 = Release|Any CPU
		{1291C026-36DC-48A0-94C9-7C4C934E9C18}.Debug|Any CPU.ActiveCfg = Debug|Any CPU
		{1291C026-36DC-48A0-94C9-7C4C934E9C18}.Debug|Any CPU.Build.0 = Debug|Any CPU
		{1291C026-36DC-48A0-94C9-7C4C934E9C18}.Release|Any CPU.ActiveCfg = Release|Any CPU
		{1291C026-36DC-48A0-94C9-7C4C934E9C18}.Release|Any CPU.Build.0 = Release|Any CPU
		{80F03195-553E-49F2-909F-05D50F26E59A}.Debug|Any CPU.ActiveCfg = Debug|Any CPU
		{80F03195-553E-49F2-909F-05D50F26E59A}.Debug|Any CPU.Build.0 = Debug|Any CPU
		{80F03195-553E-49F2-909F-05D50F26E59A}.Release|Any CPU.ActiveCfg = Release|Any CPU
		{80F03195-553E-49F2-909F-05D50F26E59A}.Release|Any CPU.Build.0 = Release|Any CPU
		{DA04EDBA-AA99-4411-AD76-33868604835D}.Debug|Any CPU.ActiveCfg = Debug|Any CPU
		{DA04EDBA-AA99-4411-AD76-33868604835D}.Debug|Any CPU.Build.0 = Debug|Any CPU
		{DA04EDBA-AA99-4411-AD76-33868604835D}.Release|Any CPU.ActiveCfg = Release|Any CPU
		{DA04EDBA-AA99-4411-AD76-33868604835D}.Release|Any CPU.Build.0 = Release|Any CPU
	EndGlobalSection
	GlobalSection(SolutionProperties) = preSolution
		HideSolutionNode = FALSE
	EndGlobalSection
	GlobalSection(ExtensibilityGlobals) = postSolution
		SolutionGuid = {5330F312-3A35-4D4E-B981-96659E196D29}
	EndGlobalSection
EndGlobal
